
Microsoft Visual Studio Solution File, Format Version 12.00
# Visual Studio 15
VisualStudioVersion = 15.0.28307.421
MinimumVisualStudioVersion = 10.0.40219.1
Project("{2150E333-8FDC-42A3-9474-1A3956D46DE8}") = "0 - Presentation", "0 - Presentation", "{F5E5F008-020E-43D4-98E9-C6B084C64D1C}"
EndProject
Project("{2150E333-8FDC-42A3-9474-1A3956D46DE8}") = "1 - Repository", "1 - Repository", "{7396BF31-7F6A-4C74-AE41-C61D56261246}"
EndProject
Project("{2150E333-8FDC-42A3-9474-1A3956D46DE8}") = "2 - Model", "2 - Model", "{D1C22320-6CCE-4C35-962C-2AE070DAD0CF}"
EndProject
Project("{FAE04EC0-301F-11D3-BF4B-00C04F79EFBC}") = "RavenDB.View", "src\RavenDB.View\RavenDB.View.csproj", "{FF4C61E0-5FAE-4067-B3EF-DAEDAB905013}"
EndProject
Global
	GlobalSection(SolutionConfigurationPlatforms) = preSolution
		Debug|Any CPU = Debug|Any CPU
		Release|Any CPU = Release|Any CPU
	EndGlobalSection
	GlobalSection(ProjectConfigurationPlatforms) = postSolution
		{FF4C61E0-5FAE-4067-B3EF-DAEDAB905013}.Debug|Any CPU.ActiveCfg = Debug|Any CPU
		{FF4C61E0-5FAE-4067-B3EF-DAEDAB905013}.Debug|Any CPU.Build.0 = Debug|Any CPU
		{FF4C61E0-5FAE-4067-B3EF-DAEDAB905013}.Release|Any CPU.ActiveCfg = Release|Any CPU
		{FF4C61E0-5FAE-4067-B3EF-DAEDAB905013}.Release|Any CPU.Build.0 = Release|Any CPU
	EndGlobalSection
	GlobalSection(SolutionProperties) = preSolution
		HideSolutionNode = FALSE
	EndGlobalSection
	GlobalSection(NestedProjects) = preSolution
		{FF4C61E0-5FAE-4067-B3EF-DAEDAB905013} = {F5E5F008-020E-43D4-98E9-C6B084C64D1C}
	EndGlobalSection
	GlobalSection(ExtensibilityGlobals) = postSolution
		SolutionGuid = {467854D7-E76F-4C9D-9211-FE2F030B7CA5}
	EndGlobalSection
EndGlobal
